// !$*UTF8*$!
{
	archiveVersion = 1;
	classes = {
	};
	objectVersion = 50;
	objects = {

/* Begin PBXBuildFile section */
		35E6C67B269D16A0008892D1 /* AppDelegate.swift in Sources */ = {isa = PBXBuildFile; fileRef = 35E6C67A269D16A0008892D1 /* AppDelegate.swift */; };
		35E6C682269D16A0008892D1 /* Main.storyboard in Resources */ = {isa = PBXBuildFile; fileRef = 35E6C680269D16A0008892D1 /* Main.storyboard */; };
		35E6C685269D16A0008892D1 /* CurrencyConverter.xcdatamodeld in Sources */ = {isa = PBXBuildFile; fileRef = 35E6C683269D16A0008892D1 /* CurrencyConverter.xcdatamodeld */; };
		35E6C687269D16A9008892D1 /* Assets.xcassets in Resources */ = {isa = PBXBuildFile; fileRef = 35E6C686269D16A9008892D1 /* Assets.xcassets */; };
		35E6C68A269D16A9008892D1 /* LaunchScreen.storyboard in Resources */ = {isa = PBXBuildFile; fileRef = 35E6C688269D16A9008892D1 /* LaunchScreen.storyboard */; };
		35E6C695269D16A9008892D1 /* CurrencyConverterTests.swift in Sources */ = {isa = PBXBuildFile; fileRef = 35E6C694269D16A9008892D1 /* CurrencyConverterTests.swift */; };
		35E6C6A0269D16A9008892D1 /* CurrencyConverterUITests.swift in Sources */ = {isa = PBXBuildFile; fileRef = 35E6C69F269D16A9008892D1 /* CurrencyConverterUITests.swift */; };
		35E6C6B2269D1913008892D1 /* MainViewController.swift in Sources */ = {isa = PBXBuildFile; fileRef = 35E6C6B1269D1913008892D1 /* MainViewController.swift */; };
		35E6C6B7269D1BC3008892D1 /* MainConstants.swift in Sources */ = {isa = PBXBuildFile; fileRef = 35E6C6B6269D1BC3008892D1 /* MainConstants.swift */; };
		35E6C6BB269D1E0F008892D1 /* API.swift in Sources */ = {isa = PBXBuildFile; fileRef = 35E6C6BA269D1E0F008892D1 /* API.swift */; };
		35E6C6BE269D2294008892D1 /* BaseService.swift in Sources */ = {isa = PBXBuildFile; fileRef = 35E6C6BD269D2294008892D1 /* BaseService.swift */; };
		35E6C6C0269D2317008892D1 /* Currency.swift in Sources */ = {isa = PBXBuildFile; fileRef = 35E6C6BF269D2317008892D1 /* Currency.swift */; };
		35E6C6C3269D25F4008892D1 /* CurrencyViewModel.swift in Sources */ = {isa = PBXBuildFile; fileRef = 35E6C6C2269D25F4008892D1 /* CurrencyViewModel.swift */; };
		35E6C6C6269D2D31008892D1 /* ServicesConstants.swift in Sources */ = {isa = PBXBuildFile; fileRef = 35E6C6C5269D2D31008892D1 /* ServicesConstants.swift */; };
		35E6C6DD269E65BB008892D1 /* MainCurrencyDetailsViewController.swift in Sources */ = {isa = PBXBuildFile; fileRef = 35E6C6DC269E65BB008892D1 /* MainCurrencyDetailsViewController.swift */; };
		35E6C6E1269E67A9008892D1 /* MainProtocol.swift in Sources */ = {isa = PBXBuildFile; fileRef = 35E6C6E0269E67A9008892D1 /* MainProtocol.swift */; };
		35E6C6E6269E7136008892D1 /* CurrencyDetailsTableViewCell.swift in Sources */ = {isa = PBXBuildFile; fileRef = 35E6C6E4269E7136008892D1 /* CurrencyDetailsTableViewCell.swift */; };
		35E6C6E7269E7136008892D1 /* CurrencyDetailsTableViewCell.xib in Resources */ = {isa = PBXBuildFile; fileRef = 35E6C6E5269E7136008892D1 /* CurrencyDetailsTableViewCell.xib */; };
		35E6C6E9269EA600008892D1 /* ExtensionHelper.swift in Sources */ = {isa = PBXBuildFile; fileRef = 35E6C6E8269EA600008892D1 /* ExtensionHelper.swift */; };
		35E6C6EB269ECFF1008892D1 /* AlertHelper.swift in Sources */ = {isa = PBXBuildFile; fileRef = 35E6C6EA269ECFF1008892D1 /* AlertHelper.swift */; };
		35E6C6ED269ED6BE008892D1 /* BaseErrorHandler.swift in Sources */ = {isa = PBXBuildFile; fileRef = 35E6C6EC269ED6BE008892D1 /* BaseErrorHandler.swift */; };
		35E6C6EF269EDB6F008892D1 /* AppConstants.swift in Sources */ = {isa = PBXBuildFile; fileRef = 35E6C6EE269EDB6F008892D1 /* AppConstants.swift */; };
/* End PBXBuildFile section */

/* Begin PBXContainerItemProxy section */
		35E6C691269D16A9008892D1 /* PBXContainerItemProxy */ = {
			isa = PBXContainerItemProxy;
			containerPortal = 35E6C66F269D16A0008892D1 /* Project object */;
			proxyType = 1;
			remoteGlobalIDString = 35E6C676269D16A0008892D1;
			remoteInfo = CurrencyConverter;
		};
		35E6C69C269D16A9008892D1 /* PBXContainerItemProxy */ = {
			isa = PBXContainerItemProxy;
			containerPortal = 35E6C66F269D16A0008892D1 /* Project object */;
			proxyType = 1;
			remoteGlobalIDString = 35E6C676269D16A0008892D1;
			remoteInfo = CurrencyConverter;
		};
/* End PBXContainerItemProxy section */

/* Begin PBXFileReference section */
		35E6C677269D16A0008892D1 /* CurrencyConverter.app */ = {isa = PBXFileReference; explicitFileType = wrapper.application; includeInIndex = 0; path = CurrencyConverter.app; sourceTree = BUILT_PRODUCTS_DIR; };
		35E6C67A269D16A0008892D1 /* AppDelegate.swift */ = {isa = PBXFileReference; lastKnownFileType = sourcecode.swift; path = AppDelegate.swift; sourceTree = "<group>"; };
		35E6C681269D16A0008892D1 /* Base */ = {isa = PBXFileReference; lastKnownFileType = file.storyboard; name = Base; path = Base.lproj/Main.storyboard; sourceTree = "<group>"; };
		35E6C684269D16A0008892D1 /* CurrencyConverter.xcdatamodel */ = {isa = PBXFileReference; lastKnownFileType = wrapper.xcdatamodel; path = CurrencyConverter.xcdatamodel; sourceTree = "<group>"; };
		35E6C686269D16A9008892D1 /* Assets.xcassets */ = {isa = PBXFileReference; lastKnownFileType = folder.assetcatalog; path = Assets.xcassets; sourceTree = "<group>"; };
		35E6C689269D16A9008892D1 /* Base */ = {isa = PBXFileReference; lastKnownFileType = file.storyboard; name = Base; path = Base.lproj/LaunchScreen.storyboard; sourceTree = "<group>"; };
		35E6C68B269D16A9008892D1 /* Info.plist */ = {isa = PBXFileReference; lastKnownFileType = text.plist.xml; path = Info.plist; sourceTree = "<group>"; };
		35E6C690269D16A9008892D1 /* CurrencyConverterTests.xctest */ = {isa = PBXFileReference; explicitFileType = wrapper.cfbundle; includeInIndex = 0; path = CurrencyConverterTests.xctest; sourceTree = BUILT_PRODUCTS_DIR; };
		35E6C694269D16A9008892D1 /* CurrencyConverterTests.swift */ = {isa = PBXFileReference; lastKnownFileType = sourcecode.swift; path = CurrencyConverterTests.swift; sourceTree = "<group>"; };
		35E6C696269D16A9008892D1 /* Info.plist */ = {isa = PBXFileReference; lastKnownFileType = text.plist.xml; path = Info.plist; sourceTree = "<group>"; };
		35E6C69B269D16A9008892D1 /* CurrencyConverterUITests.xctest */ = {isa = PBXFileReference; explicitFileType = wrapper.cfbundle; includeInIndex = 0; path = CurrencyConverterUITests.xctest; sourceTree = BUILT_PRODUCTS_DIR; };
		35E6C69F269D16A9008892D1 /* CurrencyConverterUITests.swift */ = {isa = PBXFileReference; lastKnownFileType = sourcecode.swift; path = CurrencyConverterUITests.swift; sourceTree = "<group>"; };
		35E6C6A1269D16A9008892D1 /* Info.plist */ = {isa = PBXFileReference; lastKnownFileType = text.plist.xml; path = Info.plist; sourceTree = "<group>"; };
		35E6C6B1269D1913008892D1 /* MainViewController.swift */ = {isa = PBXFileReference; lastKnownFileType = sourcecode.swift; path = MainViewController.swift; sourceTree = "<group>"; };
		35E6C6B6269D1BC3008892D1 /* MainConstants.swift */ = {isa = PBXFileReference; lastKnownFileType = sourcecode.swift; path = MainConstants.swift; sourceTree = "<group>"; };
		35E6C6BA269D1E0F008892D1 /* API.swift */ = {isa = PBXFileReference; lastKnownFileType = sourcecode.swift; path = API.swift; sourceTree = "<group>"; };
		35E6C6BD269D2294008892D1 /* BaseService.swift */ = {isa = PBXFileReference; lastKnownFileType = sourcecode.swift; path = BaseService.swift; sourceTree = "<group>"; };
		35E6C6BF269D2317008892D1 /* Currency.swift */ = {isa = PBXFileReference; lastKnownFileType = sourcecode.swift; path = Currency.swift; sourceTree = "<group>"; };
		35E6C6C2269D25F4008892D1 /* CurrencyViewModel.swift */ = {isa = PBXFileReference; lastKnownFileType = sourcecode.swift; path = CurrencyViewModel.swift; sourceTree = "<group>"; };
		35E6C6C5269D2D31008892D1 /* ServicesConstants.swift */ = {isa = PBXFileReference; lastKnownFileType = sourcecode.swift; path = ServicesConstants.swift; sourceTree = "<group>"; };
		35E6C6DC269E65BB008892D1 /* MainCurrencyDetailsViewController.swift */ = {isa = PBXFileReference; lastKnownFileType = sourcecode.swift; path = MainCurrencyDetailsViewController.swift; sourceTree = "<group>"; };
		35E6C6E0269E67A9008892D1 /* MainProtocol.swift */ = {isa = PBXFileReference; lastKnownFileType = sourcecode.swift; path = MainProtocol.swift; sourceTree = "<group>"; };
		35E6C6E4269E7136008892D1 /* CurrencyDetailsTableViewCell.swift */ = {isa = PBXFileReference; lastKnownFileType = sourcecode.swift; path = CurrencyDetailsTableViewCell.swift; sourceTree = "<group>"; };
		35E6C6E5269E7136008892D1 /* CurrencyDetailsTableViewCell.xib */ = {isa = PBXFileReference; lastKnownFileType = file.xib; path = CurrencyDetailsTableViewCell.xib; sourceTree = "<group>"; };
		35E6C6E8269EA600008892D1 /* ExtensionHelper.swift */ = {isa = PBXFileReference; lastKnownFileType = sourcecode.swift; path = ExtensionHelper.swift; sourceTree = "<group>"; };
		35E6C6EA269ECFF1008892D1 /* AlertHelper.swift */ = {isa = PBXFileReference; lastKnownFileType = sourcecode.swift; path = AlertHelper.swift; sourceTree = "<group>"; };
		35E6C6EC269ED6BE008892D1 /* BaseErrorHandler.swift */ = {isa = PBXFileReference; lastKnownFileType = sourcecode.swift; path = BaseErrorHandler.swift; sourceTree = "<group>"; };
		35E6C6EE269EDB6F008892D1 /* AppConstants.swift */ = {isa = PBXFileReference; lastKnownFileType = sourcecode.swift; path = AppConstants.swift; sourceTree = "<group>"; };
/* End PBXFileReference section */

/* Begin PBXFrameworksBuildPhase section */
		35E6C674269D16A0008892D1 /* Frameworks */ = {
			isa = PBXFrameworksBuildPhase;
			buildActionMask = 2147483647;
			files = (
			);
			runOnlyForDeploymentPostprocessing = 0;
		};
		35E6C68D269D16A9008892D1 /* Frameworks */ = {
			isa = PBXFrameworksBuildPhase;
			buildActionMask = 2147483647;
			files = (
			);
			runOnlyForDeploymentPostprocessing = 0;
		};
		35E6C698269D16A9008892D1 /* Frameworks */ = {
			isa = PBXFrameworksBuildPhase;
			buildActionMask = 2147483647;
			files = (
			);
			runOnlyForDeploymentPostprocessing = 0;
		};
/* End PBXFrameworksBuildPhase section */

/* Begin PBXGroup section */
		35E6C66E269D16A0008892D1 = {
			isa = PBXGroup;
			children = (
				35E6C679269D16A0008892D1 /* CurrencyConverter */,
				35E6C693269D16A9008892D1 /* CurrencyConverterTests */,
				35E6C69E269D16A9008892D1 /* CurrencyConverterUITests */,
				35E6C678269D16A0008892D1 /* Products */,
			);
			sourceTree = "<group>";
		};
		35E6C678269D16A0008892D1 /* Products */ = {
			isa = PBXGroup;
			children = (
				35E6C677269D16A0008892D1 /* CurrencyConverter.app */,
				35E6C690269D16A9008892D1 /* CurrencyConverterTests.xctest */,
				35E6C69B269D16A9008892D1 /* CurrencyConverterUITests.xctest */,
			);
			name = Products;
			sourceTree = "<group>";
		};
		35E6C679269D16A0008892D1 /* CurrencyConverter */ = {
			isa = PBXGroup;
			children = (
				35E6C6BC269D2227008892D1 /* Services */,
				35E6C6B4269D1B2E008892D1 /* Common */,
				35E6C6AF269D181D008892D1 /* ViewModel */,
				35E6C6AE269D1813008892D1 /* View */,
				35E6C6AD269D1807008892D1 /* Model */,
				35E6C67A269D16A0008892D1 /* AppDelegate.swift */,
				35E6C686269D16A9008892D1 /* Assets.xcassets */,
				35E6C688269D16A9008892D1 /* LaunchScreen.storyboard */,
				35E6C68B269D16A9008892D1 /* Info.plist */,
				35E6C683269D16A0008892D1 /* CurrencyConverter.xcdatamodeld */,
			);
			path = CurrencyConverter;
			sourceTree = "<group>";
		};
		35E6C693269D16A9008892D1 /* CurrencyConverterTests */ = {
			isa = PBXGroup;
			children = (
				35E6C694269D16A9008892D1 /* CurrencyConverterTests.swift */,
				35E6C696269D16A9008892D1 /* Info.plist */,
			);
			path = CurrencyConverterTests;
			sourceTree = "<group>";
		};
		35E6C69E269D16A9008892D1 /* CurrencyConverterUITests */ = {
			isa = PBXGroup;
			children = (
				35E6C69F269D16A9008892D1 /* CurrencyConverterUITests.swift */,
				35E6C6A1269D16A9008892D1 /* Info.plist */,
			);
			path = CurrencyConverterUITests;
			sourceTree = "<group>";
		};
		35E6C6AD269D1807008892D1 /* Model */ = {
			isa = PBXGroup;
			children = (
				35E6C6BF269D2317008892D1 /* Currency.swift */,
			);
			path = Model;
			sourceTree = "<group>";
		};
		35E6C6AE269D1813008892D1 /* View */ = {
			isa = PBXGroup;
			children = (
				35E6C6B0269D188C008892D1 /* Main */,
			);
			path = View;
			sourceTree = "<group>";
		};
		35E6C6AF269D181D008892D1 /* ViewModel */ = {
			isa = PBXGroup;
			children = (
				35E6C6C1269D25E3008892D1 /* Currency */,
			);
			path = ViewModel;
			sourceTree = "<group>";
		};
		35E6C6B0269D188C008892D1 /* Main */ = {
			isa = PBXGroup;
			children = (
				35E6C6DF269E6770008892D1 /* Protocol */,
				35E6C6DE269E665A008892D1 /* Storyboard */,
				35E6C6B5269D1B9B008892D1 /* Common */,
				35E6C6B1269D1913008892D1 /* MainViewController.swift */,
				35E6C6DC269E65BB008892D1 /* MainCurrencyDetailsViewController.swift */,
				35E6C6E4269E7136008892D1 /* CurrencyDetailsTableViewCell.swift */,
			);
			path = Main;
			sourceTree = "<group>";
		};
		35E6C6B4269D1B2E008892D1 /* Common */ = {
			isa = PBXGroup;
			children = (
				35E6C6E8269EA600008892D1 /* ExtensionHelper.swift */,
				35E6C6EA269ECFF1008892D1 /* AlertHelper.swift */,
				35E6C6EE269EDB6F008892D1 /* AppConstants.swift */,
			);
			path = Common;
			sourceTree = "<group>";
		};
		35E6C6B5269D1B9B008892D1 /* Common */ = {
			isa = PBXGroup;
			children = (
				35E6C6B6269D1BC3008892D1 /* MainConstants.swift */,
			);
			path = Common;
			sourceTree = "<group>";
		};
		35E6C6BC269D2227008892D1 /* Services */ = {
			isa = PBXGroup;
			children = (
				35E6C6C4269D2CC7008892D1 /* Common */,
				35E6C6BD269D2294008892D1 /* BaseService.swift */,
				35E6C6EC269ED6BE008892D1 /* BaseErrorHandler.swift */,
			);
			path = Services;
			sourceTree = "<group>";
		};
		35E6C6C1269D25E3008892D1 /* Currency */ = {
			isa = PBXGroup;
			children = (
				35E6C6C2269D25F4008892D1 /* CurrencyViewModel.swift */,
			);
			path = Currency;
			sourceTree = "<group>";
		};
		35E6C6C4269D2CC7008892D1 /* Common */ = {
			isa = PBXGroup;
			children = (
				35E6C6C5269D2D31008892D1 /* ServicesConstants.swift */,
				35E6C6BA269D1E0F008892D1 /* API.swift */,
			);
			path = Common;
			sourceTree = "<group>";
		};
		35E6C6DE269E665A008892D1 /* Storyboard */ = {
			isa = PBXGroup;
			children = (
				35E6C680269D16A0008892D1 /* Main.storyboard */,
				35E6C6E5269E7136008892D1 /* CurrencyDetailsTableViewCell.xib */,
			);
			path = Storyboard;
			sourceTree = "<group>";
		};
		35E6C6DF269E6770008892D1 /* Protocol */ = {
			isa = PBXGroup;
			children = (
				35E6C6E0269E67A9008892D1 /* MainProtocol.swift */,
			);
			path = Protocol;
			sourceTree = "<group>";
		};
/* End PBXGroup section */

/* Begin PBXNativeTarget section */
		35E6C676269D16A0008892D1 /* CurrencyConverter */ = {
			isa = PBXNativeTarget;
			buildConfigurationList = 35E6C6A4269D16A9008892D1 /* Build configuration list for PBXNativeTarget "CurrencyConverter" */;
			buildPhases = (
				35E6C673269D16A0008892D1 /* Sources */,
				35E6C674269D16A0008892D1 /* Frameworks */,
				35E6C675269D16A0008892D1 /* Resources */,
			);
			buildRules = (
			);
			dependencies = (
			);
			name = CurrencyConverter;
			productName = CurrencyConverter;
			productReference = 35E6C677269D16A0008892D1 /* CurrencyConverter.app */;
			productType = "com.apple.product-type.application";
		};
		35E6C68F269D16A9008892D1 /* CurrencyConverterTests */ = {
			isa = PBXNativeTarget;
			buildConfigurationList = 35E6C6A7269D16A9008892D1 /* Build configuration list for PBXNativeTarget "CurrencyConverterTests" */;
			buildPhases = (
				35E6C68C269D16A9008892D1 /* Sources */,
				35E6C68D269D16A9008892D1 /* Frameworks */,
				35E6C68E269D16A9008892D1 /* Resources */,
			);
			buildRules = (
			);
			dependencies = (
				35E6C692269D16A9008892D1 /* PBXTargetDependency */,
			);
			name = CurrencyConverterTests;
			productName = CurrencyConverterTests;
			productReference = 35E6C690269D16A9008892D1 /* CurrencyConverterTests.xctest */;
			productType = "com.apple.product-type.bundle.unit-test";
		};
		35E6C69A269D16A9008892D1 /* CurrencyConverterUITests */ = {
			isa = PBXNativeTarget;
			buildConfigurationList = 35E6C6AA269D16A9008892D1 /* Build configuration list for PBXNativeTarget "CurrencyConverterUITests" */;
			buildPhases = (
				35E6C697269D16A9008892D1 /* Sources */,
				35E6C698269D16A9008892D1 /* Frameworks */,
				35E6C699269D16A9008892D1 /* Resources */,
			);
			buildRules = (
			);
			dependencies = (
				35E6C69D269D16A9008892D1 /* PBXTargetDependency */,
			);
			name = CurrencyConverterUITests;
			productName = CurrencyConverterUITests;
			productReference = 35E6C69B269D16A9008892D1 /* CurrencyConverterUITests.xctest */;
			productType = "com.apple.product-type.bundle.ui-testing";
		};
/* End PBXNativeTarget section */

/* Begin PBXProject section */
		35E6C66F269D16A0008892D1 /* Project object */ = {
			isa = PBXProject;
			attributes = {
				LastSwiftUpdateCheck = 1250;
				LastUpgradeCheck = 1250;
				TargetAttributes = {
					35E6C676269D16A0008892D1 = {
						CreatedOnToolsVersion = 12.5;
					};
					35E6C68F269D16A9008892D1 = {
						CreatedOnToolsVersion = 12.5;
						TestTargetID = 35E6C676269D16A0008892D1;
					};
					35E6C69A269D16A9008892D1 = {
						CreatedOnToolsVersion = 12.5;
						TestTargetID = 35E6C676269D16A0008892D1;
					};
				};
			};
			buildConfigurationList = 35E6C672269D16A0008892D1 /* Build configuration list for PBXProject "CurrencyConverter" */;
			compatibilityVersion = "Xcode 9.3";
			developmentRegion = en;
			hasScannedForEncodings = 0;
			knownRegions = (
				en,
				Base,
			);
			mainGroup = 35E6C66E269D16A0008892D1;
			productRefGroup = 35E6C678269D16A0008892D1 /* Products */;
			projectDirPath = "";
			projectRoot = "";
			targets = (
				35E6C676269D16A0008892D1 /* CurrencyConverter */,
				35E6C68F269D16A9008892D1 /* CurrencyConverterTests */,
				35E6C69A269D16A9008892D1 /* CurrencyConverterUITests */,
			);
		};
/* End PBXProject section */

/* Begin PBXResourcesBuildPhase section */
		35E6C675269D16A0008892D1 /* Resources */ = {
			isa = PBXResourcesBuildPhase;
			buildActionMask = 2147483647;
			files = (
				35E6C68A269D16A9008892D1 /* LaunchScreen.storyboard in Resources */,
				35E6C687269D16A9008892D1 /* Assets.xcassets in Resources */,
				35E6C6E7269E7136008892D1 /* CurrencyDetailsTableViewCell.xib in Resources */,
				35E6C682269D16A0008892D1 /* Main.storyboard in Resources */,
			);
			runOnlyForDeploymentPostprocessing = 0;
		};
		35E6C68E269D16A9008892D1 /* Resources */ = {
			isa = PBXResourcesBuildPhase;
			buildActionMask = 2147483647;
			files = (
			);
			runOnlyForDeploymentPostprocessing = 0;
		};
		35E6C699269D16A9008892D1 /* Resources */ = {
			isa = PBXResourcesBuildPhase;
			buildActionMask = 2147483647;
			files = (
			);
			runOnlyForDeploymentPostprocessing = 0;
		};
/* End PBXResourcesBuildPhase section */

/* Begin PBXSourcesBuildPhase section */
		35E6C673269D16A0008892D1 /* Sources */ = {
			isa = PBXSourcesBuildPhase;
			buildActionMask = 2147483647;
			files = (
				35E6C6B2269D1913008892D1 /* MainViewController.swift in Sources */,
				35E6C6EF269EDB6F008892D1 /* AppConstants.swift in Sources */,
				35E6C6C3269D25F4008892D1 /* CurrencyViewModel.swift in Sources */,
				35E6C685269D16A0008892D1 /* CurrencyConverter.xcdatamodeld in Sources */,
				35E6C6EB269ECFF1008892D1 /* AlertHelper.swift in Sources */,
				35E6C6ED269ED6BE008892D1 /* BaseErrorHandler.swift in Sources */,
				35E6C6BE269D2294008892D1 /* BaseService.swift in Sources */,
				35E6C6DD269E65BB008892D1 /* MainCurrencyDetailsViewController.swift in Sources */,
				35E6C6C6269D2D31008892D1 /* ServicesConstants.swift in Sources */,
				35E6C67B269D16A0008892D1 /* AppDelegate.swift in Sources */,
				35E6C6B7269D1BC3008892D1 /* MainConstants.swift in Sources */,
				35E6C6E6269E7136008892D1 /* CurrencyDetailsTableViewCell.swift in Sources */,
				35E6C6E1269E67A9008892D1 /* MainProtocol.swift in Sources */,
				35E6C6C0269D2317008892D1 /* Currency.swift in Sources */,
				35E6C6BB269D1E0F008892D1 /* API.swift in Sources */,
				35E6C6E9269EA600008892D1 /* ExtensionHelper.swift in Sources */,
			);
			runOnlyForDeploymentPostprocessing = 0;
		};
		35E6C68C269D16A9008892D1 /* Sources */ = {
			isa = PBXSourcesBuildPhase;
			buildActionMask = 2147483647;
			files = (
				35E6C695269D16A9008892D1 /* CurrencyConverterTests.swift in Sources */,
			);
			runOnlyForDeploymentPostprocessing = 0;
		};
		35E6C697269D16A9008892D1 /* Sources */ = {
			isa = PBXSourcesBuildPhase;
			buildActionMask = 2147483647;
			files = (
				35E6C6A0269D16A9008892D1 /* CurrencyConverterUITests.swift in Sources */,
			);
			runOnlyForDeploymentPostprocessing = 0;
		};
/* End PBXSourcesBuildPhase section */

/* Begin PBXTargetDependency section */
		35E6C692269D16A9008892D1 /* PBXTargetDependency */ = {
			isa = PBXTargetDependency;
			target = 35E6C676269D16A0008892D1 /* CurrencyConverter */;
			targetProxy = 35E6C691269D16A9008892D1 /* PBXContainerItemProxy */;
		};
		35E6C69D269D16A9008892D1 /* PBXTargetDependency */ = {
			isa = PBXTargetDependency;
			target = 35E6C676269D16A0008892D1 /* CurrencyConverter */;
			targetProxy = 35E6C69C269D16A9008892D1 /* PBXContainerItemProxy */;
		};
/* End PBXTargetDependency section */

/* Begin PBXVariantGroup section */
		35E6C680269D16A0008892D1 /* Main.storyboard */ = {
			isa = PBXVariantGroup;
			children = (
				35E6C681269D16A0008892D1 /* Base */,
			);
			name = Main.storyboard;
			sourceTree = "<group>";
		};
		35E6C688269D16A9008892D1 /* LaunchScreen.storyboard */ = {
			isa = PBXVariantGroup;
			children = (
				35E6C689269D16A9008892D1 /* Base */,
			);
			name = LaunchScreen.storyboard;
			sourceTree = "<group>";
		};
/* End PBXVariantGroup section */

/* Begin XCBuildConfiguration section */
		35E6C6A2269D16A9008892D1 /* Debug */ = {
			isa = XCBuildConfiguration;
			buildSettings = {
				ALWAYS_SEARCH_USER_PATHS = NO;
				CLANG_ANALYZER_NONNULL = YES;
				CLANG_ANALYZER_NUMBER_OBJECT_CONVERSION = YES_AGGRESSIVE;
				CLANG_CXX_LANGUAGE_STANDARD = "gnu++14";
				CLANG_CXX_LIBRARY = "libc++";
				CLANG_ENABLE_MODULES = YES;
				CLANG_ENABLE_OBJC_ARC = YES;
				CLANG_ENABLE_OBJC_WEAK = YES;
				CLANG_WARN_BLOCK_CAPTURE_AUTORELEASING = YES;
				CLANG_WARN_BOOL_CONVERSION = YES;
				CLANG_WARN_COMMA = YES;
				CLANG_WARN_CONSTANT_CONVERSION = YES;
				CLANG_WARN_DEPRECATED_OBJC_IMPLEMENTATIONS = YES;
				CLANG_WARN_DIRECT_OBJC_ISA_USAGE = YES_ERROR;
				CLANG_WARN_DOCUMENTATION_COMMENTS = YES;
				CLANG_WARN_EMPTY_BODY = YES;
				CLANG_WARN_ENUM_CONVERSION = YES;
				CLANG_WARN_INFINITE_RECURSION = YES;
				CLANG_WARN_INT_CONVERSION = YES;
				CLANG_WARN_NON_LITERAL_NULL_CONVERSION = YES;
				CLANG_WARN_OBJC_IMPLICIT_RETAIN_SELF = YES;
				CLANG_WARN_OBJC_LITERAL_CONVERSION = YES;
				CLANG_WARN_OBJC_ROOT_CLASS = YES_ERROR;
				CLANG_WARN_QUOTED_INCLUDE_IN_FRAMEWORK_HEADER = YES;
				CLANG_WARN_RANGE_LOOP_ANALYSIS = YES;
				CLANG_WARN_STRICT_PROTOTYPES = YES;
				CLANG_WARN_SUSPICIOUS_MOVE = YES;
				CLANG_WARN_UNGUARDED_AVAILABILITY = YES_AGGRESSIVE;
				CLANG_WARN_UNREACHABLE_CODE = YES;
				CLANG_WARN__DUPLICATE_METHOD_MATCH = YES;
				COPY_PHASE_STRIP = NO;
				DEBUG_INFORMATION_FORMAT = dwarf;
				ENABLE_STRICT_OBJC_MSGSEND = YES;
				ENABLE_TESTABILITY = YES;
				GCC_C_LANGUAGE_STANDARD = gnu11;
				GCC_DYNAMIC_NO_PIC = NO;
				GCC_NO_COMMON_BLOCKS = YES;
				GCC_OPTIMIZATION_LEVEL = 0;
				GCC_PREPROCESSOR_DEFINITIONS = (
					"DEBUG=1",
					"$(inherited)",
				);
				GCC_WARN_64_TO_32_BIT_CONVERSION = YES;
				GCC_WARN_ABOUT_RETURN_TYPE = YES_ERROR;
				GCC_WARN_UNDECLARED_SELECTOR = YES;
				GCC_WARN_UNINITIALIZED_AUTOS = YES_AGGRESSIVE;
				GCC_WARN_UNUSED_FUNCTION = YES;
				GCC_WARN_UNUSED_VARIABLE = YES;
				IPHONEOS_DEPLOYMENT_TARGET = 14.5;
				MTL_ENABLE_DEBUG_INFO = INCLUDE_SOURCE;
				MTL_FAST_MATH = YES;
				ONLY_ACTIVE_ARCH = YES;
				SDKROOT = iphoneos;
				SWIFT_ACTIVE_COMPILATION_CONDITIONS = DEBUG;
				SWIFT_OPTIMIZATION_LEVEL = "-Onone";
			};
			name = Debug;
		};
		35E6C6A3269D16A9008892D1 /* Release */ = {
			isa = XCBuildConfiguration;
			buildSettings = {
				ALWAYS_SEARCH_USER_PATHS = NO;
				CLANG_ANALYZER_NONNULL = YES;
				CLANG_ANALYZER_NUMBER_OBJECT_CONVERSION = YES_AGGRESSIVE;
				CLANG_CXX_LANGUAGE_STANDARD = "gnu++14";
				CLANG_CXX_LIBRARY = "libc++";
				CLANG_ENABLE_MODULES = YES;
				CLANG_ENABLE_OBJC_ARC = YES;
				CLANG_ENABLE_OBJC_WEAK = YES;
				CLANG_WARN_BLOCK_CAPTURE_AUTORELEASING = YES;
				CLANG_WARN_BOOL_CONVERSION = YES;
				CLANG_WARN_COMMA = YES;
				CLANG_WARN_CONSTANT_CONVERSION = YES;
				CLANG_WARN_DEPRECATED_OBJC_IMPLEMENTATIONS = YES;
				CLANG_WARN_DIRECT_OBJC_ISA_USAGE = YES_ERROR;
				CLANG_WARN_DOCUMENTATION_COMMENTS = YES;
				CLANG_WARN_EMPTY_BODY = YES;
				CLANG_WARN_ENUM_CONVERSION = YES;
				CLANG_WARN_INFINITE_RECURSION = YES;
				CLANG_WARN_INT_CONVERSION = YES;
				CLANG_WARN_NON_LITERAL_NULL_CONVERSION = YES;
				CLANG_WARN_OBJC_IMPLICIT_RETAIN_SELF = YES;
				CLANG_WARN_OBJC_LITERAL_CONVERSION = YES;
				CLANG_WARN_OBJC_ROOT_CLASS = YES_ERROR;
				CLANG_WARN_QUOTED_INCLUDE_IN_FRAMEWORK_HEADER = YES;
				CLANG_WARN_RANGE_LOOP_ANALYSIS = YES;
				CLANG_WARN_STRICT_PROTOTYPES = YES;
				CLANG_WARN_SUSPICIOUS_MOVE = YES;
				CLANG_WARN_UNGUARDED_AVAILABILITY = YES_AGGRESSIVE;
				CLANG_WARN_UNREACHABLE_CODE = YES;
				CLANG_WARN__DUPLICATE_METHOD_MATCH = YES;
				COPY_PHASE_STRIP = NO;
				DEBUG_INFORMATION_FORMAT = "dwarf-with-dsym";
				ENABLE_NS_ASSERTIONS = NO;
				ENABLE_STRICT_OBJC_MSGSEND = YES;
				GCC_C_LANGUAGE_STANDARD = gnu11;
				GCC_NO_COMMON_BLOCKS = YES;
				GCC_WARN_64_TO_32_BIT_CONVERSION = YES;
				GCC_WARN_ABOUT_RETURN_TYPE = YES_ERROR;
				GCC_WARN_UNDECLARED_SELECTOR = YES;
				GCC_WARN_UNINITIALIZED_AUTOS = YES_AGGRESSIVE;
				GCC_WARN_UNUSED_FUNCTION = YES;
				GCC_WARN_UNUSED_VARIABLE = YES;
				IPHONEOS_DEPLOYMENT_TARGET = 14.5;
				MTL_ENABLE_DEBUG_INFO = NO;
				MTL_FAST_MATH = YES;
				SDKROOT = iphoneos;
				SWIFT_COMPILATION_MODE = wholemodule;
				SWIFT_OPTIMIZATION_LEVEL = "-O";
				VALIDATE_PRODUCT = YES;
			};
			name = Release;
		};
		35E6C6A5269D16A9008892D1 /* Debug */ = {
			isa = XCBuildConfiguration;
			buildSettings = {
				ASSETCATALOG_COMPILER_APPICON_NAME = AppIcon;
				ASSETCATALOG_COMPILER_GLOBAL_ACCENT_COLOR_NAME = AccentColor;
				CODE_SIGN_STYLE = Automatic;
				DEVELOPMENT_TEAM = 2C29AR82K2;
				INFOPLIST_FILE = CurrencyConverter/Info.plist;
				IPHONEOS_DEPLOYMENT_TARGET = 14.5;
				LD_RUNPATH_SEARCH_PATHS = (
					"$(inherited)",
					"@executable_path/Frameworks",
				);
				PRODUCT_BUNDLE_IDENTIFIER = com.leonsoh.CurrencyConverter;
				PRODUCT_NAME = "$(TARGET_NAME)";
				SWIFT_VERSION = 5.0;
				TARGETED_DEVICE_FAMILY = "1,2";
			};
			name = Debug;
		};
		35E6C6A6269D16A9008892D1 /* Release */ = {
			isa = XCBuildConfiguration;
			buildSettings = {
				ASSETCATALOG_COMPILER_APPICON_NAME = AppIcon;
				ASSETCATALOG_COMPILER_GLOBAL_ACCENT_COLOR_NAME = AccentColor;
				CODE_SIGN_STYLE = Automatic;
				DEVELOPMENT_TEAM = 2C29AR82K2;
				INFOPLIST_FILE = CurrencyConverter/Info.plist;
				IPHONEOS_DEPLOYMENT_TARGET = 14.5;
				LD_RUNPATH_SEARCH_PATHS = (
					"$(inherited)",
					"@executable_path/Frameworks",
				);
				PRODUCT_BUNDLE_IDENTIFIER = com.leonsoh.CurrencyConverter;
				PRODUCT_NAME = "$(TARGET_NAME)";
				SWIFT_VERSION = 5.0;
				TARGETED_DEVICE_FAMILY = "1,2";
			};
			name = Release;
		};
		35E6C6A8269D16A9008892D1 /* Debug */ = {
			isa = XCBuildConfiguration;
			buildSettings = {
				ALWAYS_EMBED_SWIFT_STANDARD_LIBRARIES = YES;
				BUNDLE_LOADER = "$(TEST_HOST)";
				CODE_SIGN_STYLE = Automatic;
				DEVELOPMENT_TEAM = 2C29AR82K2;
				INFOPLIST_FILE = CurrencyConverterTests/Info.plist;
				IPHONEOS_DEPLOYMENT_TARGET = 14.5;
				LD_RUNPATH_SEARCH_PATHS = (
					"$(inherited)",
					"@executable_path/Frameworks",
					"@loader_path/Frameworks",
				);
				PRODUCT_BUNDLE_IDENTIFIER = com.leonsoh.CurrencyConverterTests;
				PRODUCT_NAME = "$(TARGET_NAME)";
				SWIFT_VERSION = 5.0;
				TARGETED_DEVICE_FAMILY = "1,2";
				TEST_HOST = "$(BUILT_PRODUCTS_DIR)/CurrencyConverter.app/CurrencyConverter";
			};
			name = Debug;
		};
		35E6C6A9269D16A9008892D1 /* Release */ = {
			isa = XCBuildConfiguration;
			buildSettings = {
				ALWAYS_EMBED_SWIFT_STANDARD_LIBRARIES = YES;
				BUNDLE_LOADER = "$(TEST_HOST)";
				CODE_SIGN_STYLE = Automatic;
				DEVELOPMENT_TEAM = 2C29AR82K2;
				INFOPLIST_FILE = CurrencyConverterTests/Info.plist;
				IPHONEOS_DEPLOYMENT_TARGET = 14.5;
				LD_RUNPATH_SEARCH_PATHS = (
					"$(inherited)",
					"@executable_path/Frameworks",
					"@loader_path/Frameworks",
				);
				PRODUCT_BUNDLE_IDENTIFIER = com.leonsoh.CurrencyConverterTests;
				PRODUCT_NAME = "$(TARGET_NAME)";
				SWIFT_VERSION = 5.0;
				TARGETED_DEVICE_FAMILY = "1,2";
				TEST_HOST = "$(BUILT_PRODUCTS_DIR)/CurrencyConverter.app/CurrencyConverter";
			};
			name = Release;
		};
		35E6C6AB269D16A9008892D1 /* Debug */ = {
			isa = XCBuildConfiguration;
			buildSettings = {
				ALWAYS_EMBED_SWIFT_STANDARD_LIBRARIES = YES;
				CODE_SIGN_STYLE = Automatic;
				DEVELOPMENT_TEAM = 2C29AR82K2;
				INFOPLIST_FILE = CurrencyConverterUITests/Info.plist;
				LD_RUNPATH_SEARCH_PATHS = (
					"$(inherited)",
					"@executable_path/Frameworks",
					"@loader_path/Frameworks",
				);
				PRODUCT_BUNDLE_IDENTIFIER = com.leonsoh.CurrencyConverterUITests;
				PRODUCT_NAME = "$(TARGET_NAME)";
				SWIFT_VERSION = 5.0;
				TARGETED_DEVICE_FAMILY = "1,2";
				TEST_TARGET_NAME = CurrencyConverter;
			};
			name = Debug;
		};
		35E6C6AC269D16A9008892D1 /* Release */ = {
			isa = XCBuildConfiguration;
			buildSettings = {
				ALWAYS_EMBED_SWIFT_STANDARD_LIBRARIES = YES;
				CODE_SIGN_STYLE = Automatic;
				DEVELOPMENT_TEAM = 2C29AR82K2;
				INFOPLIST_FILE = CurrencyConverterUITests/Info.plist;
				LD_RUNPATH_SEARCH_PATHS = (
					"$(inherited)",
					"@executable_path/Frameworks",
					"@loader_path/Frameworks",
				);
				PRODUCT_BUNDLE_IDENTIFIER = com.leonsoh.CurrencyConverterUITests;
				PRODUCT_NAME = "$(TARGET_NAME)";
				SWIFT_VERSION = 5.0;
				TARGETED_DEVICE_FAMILY = "1,2";
				TEST_TARGET_NAME = CurrencyConverter;
			};
			name = Release;
		};
/* End XCBuildConfiguration section */

/* Begin XCConfigurationList section */
		35E6C672269D16A0008892D1 /* Build configuration list for PBXProject "CurrencyConverter" */ = {
			isa = XCConfigurationList;
			buildConfigurations = (
				35E6C6A2269D16A9008892D1 /* Debug */,
				35E6C6A3269D16A9008892D1 /* Release */,
			);
			defaultConfigurationIsVisible = 0;
			defaultConfigurationName = Release;
		};
		35E6C6A4269D16A9008892D1 /* Build configuration list for PBXNativeTarget "CurrencyConverter" */ = {
			isa = XCConfigurationList;
			buildConfigurations = (
				35E6C6A5269D16A9008892D1 /* Debug */,
				35E6C6A6269D16A9008892D1 /* Release */,
			);
			defaultConfigurationIsVisible = 0;
			defaultConfigurationName = Release;
		};
		35E6C6A7269D16A9008892D1 /* Build configuration list for PBXNativeTarget "CurrencyConverterTests" */ = {
			isa = XCConfigurationList;
			buildConfigurations = (
				35E6C6A8269D16A9008892D1 /* Debug */,
				35E6C6A9269D16A9008892D1 /* Release */,
			);
			defaultConfigurationIsVisible = 0;
			defaultConfigurationName = Release;
		};
		35E6C6AA269D16A9008892D1 /* Build configuration list for PBXNativeTarget "CurrencyConverterUITests" */ = {
			isa = XCConfigurationList;
			buildConfigurations = (
				35E6C6AB269D16A9008892D1 /* Debug */,
				35E6C6AC269D16A9008892D1 /* Release */,
			);
			defaultConfigurationIsVisible = 0;
			defaultConfigurationName = Release;
		};
/* End XCConfigurationList section */

/* Begin XCVersionGroup section */
		35E6C683269D16A0008892D1 /* CurrencyConverter.xcdatamodeld */ = {
			isa = XCVersionGroup;
			children = (
				35E6C684269D16A0008892D1 /* CurrencyConverter.xcdatamodel */,
			);
			currentVersion = 35E6C684269D16A0008892D1 /* CurrencyConverter.xcdatamodel */;
			path = CurrencyConverter.xcdatamodeld;
			sourceTree = "<group>";
			versionGroupType = wrapper.xcdatamodel;
		};
/* End XCVersionGroup section */
	};
	rootObject = 35E6C66F269D16A0008892D1 /* Project object */;
}
